
Microsoft Visual Studio Solution File, Format Version 12.00
# Visual Studio Version 17
VisualStudioVersion = 17.7.34003.232
MinimumVisualStudioVersion = 10.0.40219.1
Project("{FAE04EC0-301F-11D3-BF4B-00C04F79EFBC}") = "QLVNNhaNam", "QLVNNhaNam.csproj", "{B00E55A2-ABAA-4296-ADB1-1BD4E8987E99}"
EndProject
Project("{2150E333-8FDC-42A3-9474-1A3956D46DE8}") = "Database", "Database", "{11985405-8A57-4FBA-B54D-49CCC2811A5F}"
EndProject
Global
	GlobalSection(SolutionConfigurationPlatforms) = preSolution
		Debug|Any CPU = Debug|Any CPU
		Release|Any CPU = Release|Any CPU
	EndGlobalSection
	GlobalSection(ProjectConfigurationPlatforms) = postSolution
		{B00E55A2-ABAA-4296-ADB1-1BD4E8987E99}.Debug|Any CPU.ActiveCfg = Debug|Any CPU
		{B00E55A2-ABAA-4296-ADB1-1BD4E8987E99}.Debug|Any CPU.Build.0 = Debug|Any CPU
		{B00E55A2-ABAA-4296-ADB1-1BD4E8987E99}.Release|Any CPU.ActiveCfg = Release|Any CPU
		{B00E55A2-ABAA-4296-ADB1-1BD4E8987E99}.Release|Any CPU.Build.0 = Release|Any CPU
	EndGlobalSection
	GlobalSection(SolutionProperties) = preSolution
		HideSolutionNode = FALSE
	EndGlobalSection
	GlobalSection(ExtensibilityGlobals) = postSolution
		SolutionGuid = {1D302843-39F7-4EBB-A988-E2667500300B}
	EndGlobalSection
EndGlobal
